// !$*UTF8*$!
{
	archiveVersion = 1;
	classes = {
	};
	objectVersion = 50;
	objects = {

/* Begin PBXBuildFile section */
		6208D8E02547E38A00E42291 /* Deck.swift in Sources */ = {isa = PBXBuildFile; fileRef = 6208D8DF2547E38A00E42291 /* Deck.swift */; };
		6208D8E32547E40F00E42291 /* CardView.swift in Sources */ = {isa = PBXBuildFile; fileRef = 6208D8E22547E40F00E42291 /* CardView.swift */; };
		6208D8E62547E45200E42291 /* DeckView.swift in Sources */ = {isa = PBXBuildFile; fileRef = 6208D8E52547E45200E42291 /* DeckView.swift */; };
		6208D8E92547E9C600E42291 /* KingRuleView.swift in Sources */ = {isa = PBXBuildFile; fileRef = 6208D8E82547E9C600E42291 /* KingRuleView.swift */; };
		6208D8EC2547EA1E00E42291 /* KingCardView.swift in Sources */ = {isa = PBXBuildFile; fileRef = 6208D8EB2547EA1E00E42291 /* KingCardView.swift */; };
		62E8D59F2547B0430018B698 /* KingApp.swift in Sources */ = {isa = PBXBuildFile; fileRef = 62E8D59E2547B0430018B698 /* KingApp.swift */; };
		62E8D5A12547B0430018B698 /* ContentView.swift in Sources */ = {isa = PBXBuildFile; fileRef = 62E8D5A02547B0430018B698 /* ContentView.swift */; };
		62E8D5A32547B0480018B698 /* Assets.xcassets in Resources */ = {isa = PBXBuildFile; fileRef = 62E8D5A22547B0480018B698 /* Assets.xcassets */; };
		62E8D5A62547B0480018B698 /* Preview Assets.xcassets in Resources */ = {isa = PBXBuildFile; fileRef = 62E8D5A52547B0480018B698 /* Preview Assets.xcassets */; };
/* End PBXBuildFile section */

/* Begin PBXFileReference section */
		6208D8DF2547E38A00E42291 /* Deck.swift */ = {isa = PBXFileReference; lastKnownFileType = sourcecode.swift; path = Deck.swift; sourceTree = "<group>"; };
		6208D8E22547E40F00E42291 /* CardView.swift */ = {isa = PBXFileReference; lastKnownFileType = sourcecode.swift; path = CardView.swift; sourceTree = "<group>"; };
		6208D8E52547E45200E42291 /* DeckView.swift */ = {isa = PBXFileReference; lastKnownFileType = sourcecode.swift; path = DeckView.swift; sourceTree = "<group>"; };
		6208D8E82547E9C600E42291 /* KingRuleView.swift */ = {isa = PBXFileReference; lastKnownFileType = sourcecode.swift; path = KingRuleView.swift; sourceTree = "<group>"; };
		6208D8EB2547EA1E00E42291 /* KingCardView.swift */ = {isa = PBXFileReference; lastKnownFileType = sourcecode.swift; path = KingCardView.swift; sourceTree = "<group>"; };
		62E8D59B2547B0430018B698 /* King.app */ = {isa = PBXFileReference; explicitFileType = wrapper.application; includeInIndex = 0; path = King.app; sourceTree = BUILT_PRODUCTS_DIR; };
		62E8D59E2547B0430018B698 /* KingApp.swift */ = {isa = PBXFileReference; lastKnownFileType = sourcecode.swift; path = KingApp.swift; sourceTree = "<group>"; };
		62E8D5A02547B0430018B698 /* ContentView.swift */ = {isa = PBXFileReference; lastKnownFileType = sourcecode.swift; path = ContentView.swift; sourceTree = "<group>"; };
		62E8D5A22547B0480018B698 /* Assets.xcassets */ = {isa = PBXFileReference; lastKnownFileType = folder.assetcatalog; path = Assets.xcassets; sourceTree = "<group>"; };
		62E8D5A52547B0480018B698 /* Preview Assets.xcassets */ = {isa = PBXFileReference; lastKnownFileType = folder.assetcatalog; path = "Preview Assets.xcassets"; sourceTree = "<group>"; };
		62E8D5A72547B0480018B698 /* Info.plist */ = {isa = PBXFileReference; lastKnownFileType = text.plist.xml; path = Info.plist; sourceTree = "<group>"; };
/* End PBXFileReference section */

/* Begin PBXFrameworksBuildPhase section */
		62E8D5982547B0430018B698 /* Frameworks */ = {
			isa = PBXFrameworksBuildPhase;
			buildActionMask = 2147483647;
			files = (
			);
			runOnlyForDeploymentPostprocessing = 0;
		};
/* End PBXFrameworksBuildPhase section */

/* Begin PBXGroup section */
		62E8D5922547B0430018B698 = {
			isa = PBXGroup;
			children = (
				62E8D59D2547B0430018B698 /* King */,
				62E8D59C2547B0430018B698 /* Products */,
			);
			sourceTree = "<group>";
		};
		62E8D59C2547B0430018B698 /* Products */ = {
			isa = PBXGroup;
			children = (
				62E8D59B2547B0430018B698 /* King.app */,
			);
			name = Products;
			sourceTree = "<group>";
		};
		62E8D59D2547B0430018B698 /* King */ = {
			isa = PBXGroup;
			children = (
				62E8D59E2547B0430018B698 /* KingApp.swift */,
				6208D8E82547E9C600E42291 /* KingRuleView.swift */,
				62E8D5A02547B0430018B698 /* ContentView.swift */,
				6208D8EB2547EA1E00E42291 /* KingCardView.swift */,
				6208D8DF2547E38A00E42291 /* Deck.swift */,
				6208D8E52547E45200E42291 /* DeckView.swift */,
				6208D8E22547E40F00E42291 /* CardView.swift */,
				62E8D5A22547B0480018B698 /* Assets.xcassets */,
				62E8D5A72547B0480018B698 /* Info.plist */,
				62E8D5A42547B0480018B698 /* Preview Content */,
			);
			path = King;
			sourceTree = "<group>";
		};
		62E8D5A42547B0480018B698 /* Preview Content */ = {
			isa = PBXGroup;
			children = (
				62E8D5A52547B0480018B698 /* Preview Assets.xcassets */,
			);
			path = "Preview Content";
			sourceTree = "<group>";
		};
/* End PBXGroup section */

/* Begin PBXNativeTarget section */
		62E8D59A2547B0430018B698 /* King */ = {
			isa = PBXNativeTarget;
			buildConfigurationList = 62E8D5AA2547B0480018B698 /* Build configuration list for PBXNativeTarget "King" */;
			buildPhases = (
				62E8D5972547B0430018B698 /* Sources */,
				62E8D5982547B0430018B698 /* Frameworks */,
				62E8D5992547B0430018B698 /* Resources */,
			);
			buildRules = (
			);
			dependencies = (
			);
			name = King;
			productName = King;
			productReference = 62E8D59B2547B0430018B698 /* King.app */;
			productType = "com.apple.product-type.application";
		};
/* End PBXNativeTarget section */

/* Begin PBXProject section */
		62E8D5932547B0430018B698 /* Project object */ = {
			isa = PBXProject;
			attributes = {
				LastSwiftUpdateCheck = 1210;
				LastUpgradeCheck = 1210;
				TargetAttributes = {
					62E8D59A2547B0430018B698 = {
						CreatedOnToolsVersion = 12.1;
					};
				};
			};
			buildConfigurationList = 62E8D5962547B0430018B698 /* Build configuration list for PBXProject "King" */;
			compatibilityVersion = "Xcode 9.3";
			developmentRegion = en;
			hasScannedForEncodings = 0;
			knownRegions = (
				en,
				Base,
			);
			mainGroup = 62E8D5922547B0430018B698;
			productRefGroup = 62E8D59C2547B0430018B698 /* Products */;
			projectDirPath = "";
			projectRoot = "";
			targets = (
				62E8D59A2547B0430018B698 /* King */,
			);
		};
/* End PBXProject section */

/* Begin PBXResourcesBuildPhase section */
		62E8D5992547B0430018B698 /* Resources */ = {
			isa = PBXResourcesBuildPhase;
			buildActionMask = 2147483647;
			files = (
				62E8D5A62547B0480018B698 /* Preview Assets.xcassets in Resources */,
				62E8D5A32547B0480018B698 /* Assets.xcassets in Resources */,
			);
			runOnlyForDeploymentPostprocessing = 0;
		};
/* End PBXResourcesBuildPhase section */

/* Begin PBXSourcesBuildPhase section */
		62E8D5972547B0430018B698 /* Sources */ = {
			isa = PBXSourcesBuildPhase;
			buildActionMask = 2147483647;
			files = (
				6208D8E62547E45200E42291 /* DeckView.swift in Sources */,
				6208D8EC2547EA1E00E42291 /* KingCardView.swift in Sources */,
				6208D8E02547E38A00E42291 /* Deck.swift in Sources */,
				62E8D5A12547B0430018B698 /* ContentView.swift in Sources */,
				6208D8E32547E40F00E42291 /* CardView.swift in Sources */,
				62E8D59F2547B0430018B698 /* KingApp.swift in Sources */,
				6208D8E92547E9C600E42291 /* KingRuleView.swift in Sources */,
			);
			runOnlyForDeploymentPostprocessing = 0;
		};
/* End PBXSourcesBuildPhase section */

/* Begin XCBuildConfiguration section */
		62E8D5A82547B0480018B698 /* Debug */ = {
			isa = XCBuildConfiguration;
			buildSettings = {
				ALWAYS_SEARCH_USER_PATHS = NO;
				CLANG_ANALYZER_NONNULL = YES;
				CLANG_ANALYZER_NUMBER_OBJECT_CONVERSION = YES_AGGRESSIVE;
				CLANG_CXX_LANGUAGE_STANDARD = "gnu++14";
				CLANG_CXX_LIBRARY = "libc++";
				CLANG_ENABLE_MODULES = YES;
				CLANG_ENABLE_OBJC_ARC = YES;
				CLANG_ENABLE_OBJC_WEAK = YES;
				CLANG_WARN_BLOCK_CAPTURE_AUTORELEASING = YES;
				CLANG_WARN_BOOL_CONVERSION = YES;
				CLANG_WARN_COMMA = YES;
				CLANG_WARN_CONSTANT_CONVERSION = YES;
				CLANG_WARN_DEPRECATED_OBJC_IMPLEMENTATIONS = YES;
				CLANG_WARN_DIRECT_OBJC_ISA_USAGE = YES_ERROR;
				CLANG_WARN_DOCUMENTATION_COMMENTS = YES;
				CLANG_WARN_EMPTY_BODY = YES;
				CLANG_WARN_ENUM_CONVERSION = YES;
				CLANG_WARN_INFINITE_RECURSION = YES;
				CLANG_WARN_INT_CONVERSION = YES;
				CLANG_WARN_NON_LITERAL_NULL_CONVERSION = YES;
				CLANG_WARN_OBJC_IMPLICIT_RETAIN_SELF = YES;
				CLANG_WARN_OBJC_LITERAL_CONVERSION = YES;
				CLANG_WARN_OBJC_ROOT_CLASS = YES_ERROR;
				CLANG_WARN_QUOTED_INCLUDE_IN_FRAMEWORK_HEADER = YES;
				CLANG_WARN_RANGE_LOOP_ANALYSIS = YES;
				CLANG_WARN_STRICT_PROTOTYPES = YES;
				CLANG_WARN_SUSPICIOUS_MOVE = YES;
				CLANG_WARN_UNGUARDED_AVAILABILITY = YES_AGGRESSIVE;
				CLANG_WARN_UNREACHABLE_CODE = YES;
				CLANG_WARN__DUPLICATE_METHOD_MATCH = YES;
				COPY_PHASE_STRIP = NO;
				DEBUG_INFORMATION_FORMAT = dwarf;
				ENABLE_STRICT_OBJC_MSGSEND = YES;
				ENABLE_TESTABILITY = YES;
				GCC_C_LANGUAGE_STANDARD = gnu11;
				GCC_DYNAMIC_NO_PIC = NO;
				GCC_NO_COMMON_BLOCKS = YES;
				GCC_OPTIMIZATION_LEVEL = 0;
				GCC_PREPROCESSOR_DEFINITIONS = (
					"DEBUG=1",
					"$(inherited)",
				);
				GCC_WARN_64_TO_32_BIT_CONVERSION = YES;
				GCC_WARN_ABOUT_RETURN_TYPE = YES_ERROR;
				GCC_WARN_UNDECLARED_SELECTOR = YES;
				GCC_WARN_UNINITIALIZED_AUTOS = YES_AGGRESSIVE;
				GCC_WARN_UNUSED_FUNCTION = YES;
				GCC_WARN_UNUSED_VARIABLE = YES;
				IPHONEOS_DEPLOYMENT_TARGET = 14.1;
				MTL_ENABLE_DEBUG_INFO = INCLUDE_SOURCE;
				MTL_FAST_MATH = YES;
				ONLY_ACTIVE_ARCH = YES;
				SDKROOT = iphoneos;
				SWIFT_ACTIVE_COMPILATION_CONDITIONS = DEBUG;
				SWIFT_OPTIMIZATION_LEVEL = "-Onone";
			};
			name = Debug;
		};
		62E8D5A92547B0480018B698 /* Release */ = {
			isa = XCBuildConfiguration;
			buildSettings = {
				ALWAYS_SEARCH_USER_PATHS = NO;
				CLANG_ANALYZER_NONNULL = YES;
				CLANG_ANALYZER_NUMBER_OBJECT_CONVERSION = YES_AGGRESSIVE;
				CLANG_CXX_LANGUAGE_STANDARD = "gnu++14";
				CLANG_CXX_LIBRARY = "libc++";
				CLANG_ENABLE_MODULES = YES;
				CLANG_ENABLE_OBJC_ARC = YES;
				CLANG_ENABLE_OBJC_WEAK = YES;
				CLANG_WARN_BLOCK_CAPTURE_AUTORELEASING = YES;
				CLANG_WARN_BOOL_CONVERSION = YES;
				CLANG_WARN_COMMA = YES;
				CLANG_WARN_CONSTANT_CONVERSION = YES;
				CLANG_WARN_DEPRECATED_OBJC_IMPLEMENTATIONS = YES;
				CLANG_WARN_DIRECT_OBJC_ISA_USAGE = YES_ERROR;
				CLANG_WARN_DOCUMENTATION_COMMENTS = YES;
				CLANG_WARN_EMPTY_BODY = YES;
				CLANG_WARN_ENUM_CONVERSION = YES;
				CLANG_WARN_INFINITE_RECURSION = YES;
				CLANG_WARN_INT_CONVERSION = YES;
				CLANG_WARN_NON_LITERAL_NULL_CONVERSION = YES;
				CLANG_WARN_OBJC_IMPLICIT_RETAIN_SELF = YES;
				CLANG_WARN_OBJC_LITERAL_CONVERSION = YES;
				CLANG_WARN_OBJC_ROOT_CLASS = YES_ERROR;
				CLANG_WARN_QUOTED_INCLUDE_IN_FRAMEWORK_HEADER = YES;
				CLANG_WARN_RANGE_LOOP_ANALYSIS = YES;
				CLANG_WARN_STRICT_PROTOTYPES = YES;
				CLANG_WARN_SUSPICIOUS_MOVE = YES;
				CLANG_WARN_UNGUARDED_AVAILABILITY = YES_AGGRESSIVE;
				CLANG_WARN_UNREACHABLE_CODE = YES;
				CLANG_WARN__DUPLICATE_METHOD_MATCH = YES;
				COPY_PHASE_STRIP = NO;
				DEBUG_INFORMATION_FORMAT = "dwarf-with-dsym";
				ENABLE_NS_ASSERTIONS = NO;
				ENABLE_STRICT_OBJC_MSGSEND = YES;
				GCC_C_LANGUAGE_STANDARD = gnu11;
				GCC_NO_COMMON_BLOCKS = YES;
				GCC_WARN_64_TO_32_BIT_CONVERSION = YES;
				GCC_WARN_ABOUT_RETURN_TYPE = YES_ERROR;
				GCC_WARN_UNDECLARED_SELECTOR = YES;
				GCC_WARN_UNINITIALIZED_AUTOS = YES_AGGRESSIVE;
				GCC_WARN_UNUSED_FUNCTION = YES;
				GCC_WARN_UNUSED_VARIABLE = YES;
				IPHONEOS_DEPLOYMENT_TARGET = 14.1;
				MTL_ENABLE_DEBUG_INFO = NO;
				MTL_FAST_MATH = YES;
				SDKROOT = iphoneos;
				SWIFT_COMPILATION_MODE = wholemodule;
				SWIFT_OPTIMIZATION_LEVEL = "-O";
				VALIDATE_PRODUCT = YES;
			};
			name = Release;
		};
		62E8D5AB2547B0480018B698 /* Debug */ = {
			isa = XCBuildConfiguration;
			buildSettings = {
				ASSETCATALOG_COMPILER_APPICON_NAME = AppIcon;
				ASSETCATALOG_COMPILER_GLOBAL_ACCENT_COLOR_NAME = AccentColor;
				CODE_SIGN_STYLE = Automatic;
				CURRENT_PROJECT_VERSION = 2;
				DEVELOPMENT_ASSET_PATHS = "\"King/Preview Content\"";
				DEVELOPMENT_TEAM = 6CW3378X23;
				ENABLE_PREVIEWS = YES;
				INFOPLIST_FILE = King/Info.plist;
				IPHONEOS_DEPLOYMENT_TARGET = 14.0;
				LD_RUNPATH_SEARCH_PATHS = (
					"$(inherited)",
					"@executable_path/Frameworks",
				);
				PRODUCT_BUNDLE_IDENTIFIER = com.dylan.King;
				PRODUCT_NAME = "$(TARGET_NAME)";
				SWIFT_VERSION = 5.0;
				TARGETED_DEVICE_FAMILY = 1;
			};
			name = Debug;
		};
		62E8D5AC2547B0480018B698 /* Release */ = {
			isa = XCBuildConfiguration;
			buildSettings = {
				ASSETCATALOG_COMPILER_APPICON_NAME = AppIcon;
				ASSETCATALOG_COMPILER_GLOBAL_ACCENT_COLOR_NAME = AccentColor;
				CODE_SIGN_IDENTITY = "iPhone Distribution";
				CODE_SIGN_STYLE = Manual;
				CURRENT_PROJECT_VERSION = 2;
				DEVELOPMENT_ASSET_PATHS = "\"King/Preview Content\"";
				DEVELOPMENT_TEAM = 6CW3378X23;
				ENABLE_PREVIEWS = YES;
				INFOPLIST_FILE = King/Info.plist;
				IPHONEOS_DEPLOYMENT_TARGET = 14.0;
				LD_RUNPATH_SEARCH_PATHS = (
					"$(inherited)",
					"@executable_path/Frameworks",
				);
				PRODUCT_BUNDLE_IDENTIFIER = com.dylan.king;
				PRODUCT_NAME = "$(TARGET_NAME)";
				PROVISIONING_PROFILE_SPECIFIER = "King App Store Profile";
				SWIFT_VERSION = 5.0;
				TARGETED_DEVICE_FAMILY = 1;
			};
			name = Release;
		};
/* End XCBuildConfiguration section */

/* Begin XCConfigurationList section */
		62E8D5962547B0430018B698 /* Build configuration list for PBXProject "King" */ = {
			isa = XCConfigurationList;
			buildConfigurations = (
				62E8D5A82547B0480018B698 /* Debug */,
				62E8D5A92547B0480018B698 /* Release */,
			);
			defaultConfigurationIsVisible = 0;
			defaultConfigurationName = Release;
		};
		62E8D5AA2547B0480018B698 /* Build configuration list for PBXNativeTarget "King" */ = {
			isa = XCConfigurationList;
			buildConfigurations = (
				62E8D5AB2547B0480018B698 /* Debug */,
				62E8D5AC2547B0480018B698 /* Release */,
			);
			defaultConfigurationIsVisible = 0;
			defaultConfigurationName = Release;
		};
/* End XCConfigurationList section */
	};
	rootObject = 62E8D5932547B0430018B698 /* Project object */;
}
